
Microsoft Visual Studio Solution File, Format Version 12.00
# Visual Studio Version 16
VisualStudioVersion = 16.0.30128.74
MinimumVisualStudioVersion = 10.0.40219.1
Project("{FAE04EC0-301F-11D3-BF4B-00C04F79EFBC}") = "Algoritm4.3", "Algoritm4.3\Algoritm4.3.csproj", "{A5946E1C-6BE7-4679-932D-FE34571F01E9}"
EndProject
Global
	GlobalSection(SolutionConfigurationPlatforms) = preSolution
		Debug|Any CPU = Debug|Any CPU
		Release|Any CPU = Release|Any CPU
	EndGlobalSection
	GlobalSection(ProjectConfigurationPlatforms) = postSolution
		{A5946E1C-6BE7-4679-932D-FE34571F01E9}.Debug|Any CPU.ActiveCfg = Debug|Any CPU
		{A5946E1C-6BE7-4679-932D-FE34571F01E9}.Debug|Any CPU.Build.0 = Debug|Any CPU
		{A5946E1C-6BE7-4679-932D-FE34571F01E9}.Release|Any CPU.ActiveCfg = Release|Any CPU
		{A5946E1C-6BE7-4679-932D-FE34571F01E9}.Release|Any CPU.Build.0 = Release|Any CPU
	EndGlobalSection
	GlobalSection(SolutionProperties) = preSolution
		HideSolutionNode = FALSE
	EndGlobalSection
	GlobalSection(ExtensibilityGlobals) = postSolution
		SolutionGuid = {4C9A5233-C8E0-4ACF-94FB-3F6EF11C0A93}
	EndGlobalSection
EndGlobal
